github.com/davecgh/go-spew v1.1.0/go.mod h1:J7Y8YcW2NihsgmVo/mv3lAwl/skON4iLHjSsI+c5H38=
github.com/davecgh/go-spew v1.1.1/go.mod h1:J7Y8YcW2NihsgmVo/mv3lAwl/skON4iLHjSsI+c5H38=
github.com/eidolon/wordwrap v0.0.0-20161011182207-e0f54129b8bb h1:ioQwBmKdOCpMVS/bDaESqNWXIE/aw4+gsVtysCGMWZ4=
github.com/eidolon/wordwrap v0.0.0-20161011182207-e0f54129b8bb/go.mod h1:ZAPs+OyRzeVJFGvXVDVffgCzQfjg3qU9Ig8G/MU3zZ4=
github.com/pmezard/go-difflib v1.0.0/go.mod h1:iKH77koFhYxTK1pcRnkKkqfTogsbg7gZNVY4sRDYZ/4=
github.com/seeruk/go-console v0.0.0-20191208202058-757963cc8c21 h1:C0yEkUc4wDlpu7+FSckhzxailk8128ccYDopWlvJjNA=
github.com/seeruk/go-console v0.0.0-20191208202058-757963cc8c21/go.mod h1:LCenNv7miUGkI16GkmIkNLQXZQ8fNFSDPIjdQ2g7rpw=
github.com/stretchr/objx v0.1.0/go.mod h1:HFkY916IF+rwdDfMAkV7OtwuqBVzrE8GR6GFx+wExME=
github.com/stretchr/testify v1.4.0/go.mod h1:j7eGeouHqKxXV5pUuKE4zz7dFj8WfuZ+81PSLYec5m4=
gopkg.in/check.v1 v0.0.0-20161208181325-20d25e280405/go.mod h1:Co6ibVJAznAaIkqp8huTwlJQCZ016jof/cbN4VW5Yz0=
gopkg.in/yaml.v2 v2.2.2/go.mod h1:hI93XBmqTisBFMUTm0b8Fm+jr3Dg1NNxqwp+5A1VGuI=
gopkg.in/yaml.v2 v2.2.7/go.mod h1:hI93XBmqTisBFMUTm0b8Fm+jr3Dg1NNxqwp+5A1VGuI=
